
Microsoft Visual Studio Solution File, Format Version 12.00
# Visual Studio Version 16
VisualStudioVersion = 16.0.29102.190
MinimumVisualStudioVersion = 10.0.40219.1
Project("{FAE04EC0-301F-11D3-BF4B-00C04F79EFBC}") = "HelloWorld", "HelloWorld\HelloWorld.csproj", "{B456196C-4CD0-410C-8B23-33A49D78F99B}"
EndProject
Project("{FAE04EC0-301F-11D3-BF4B-00C04F79EFBC}") = "BaiTap1", "BaiTap1\BaiTap1.csproj", "{4D16D032-A0D4-49E9-AD96-1CE546B1AE60}"
EndProject
Project("{FAE04EC0-301F-11D3-BF4B-00C04F79EFBC}") = "EpKieu", "EpKieu\EpKieu.csproj", "{90EE0C0D-D400-4DC5-86C9-5F2055AC3B49}"
EndProject
Project("{FAE04EC0-301F-11D3-BF4B-00C04F79EFBC}") = "BienSo", "Bien\BienSo.csproj", "{C1C33DB3-1488-4BA6-A9B6-B8DD3352FE93}"
EndProject
Project("{FAE04EC0-301F-11D3-BF4B-00C04F79EFBC}") = "HangSo", "HangSo\HangSo.csproj", "{991306C5-522E-4977-A8E6-8C39C09C21AA}"
EndProject
Project("{FAE04EC0-301F-11D3-BF4B-00C04F79EFBC}") = "TinhGiaTriTrungBinh", "TinhGiaTriTrungBinh\TinhGiaTriTrungBinh.csproj", "{9E13C71C-0DDE-483D-A006-405C50E5B805}"
EndProject
Project("{FAE04EC0-301F-11D3-BF4B-00C04F79EFBC}") = "TinhDoFVaKTuC", "TinhDoFVaKTuC\TinhDoFVaKTuC.csproj", "{F1E6A38C-13E9-4B10-A001-F447C5B46129}"
EndProject
Project("{FAE04EC0-301F-11D3-BF4B-00C04F79EFBC}") = "Lenh_If", "Lenh_If\Lenh_If.csproj", "{E2527510-FA68-4C20-B3E2-03F09EDD11BD}"
EndProject
Project("{FAE04EC0-301F-11D3-BF4B-00C04F79EFBC}") = "Lenh_If_Else", "Lenh_If_Else\Lenh_If_Else.csproj", "{3FB44473-AC64-4C61-86F2-88A521C81C66}"
EndProject
Project("{FAE04EC0-301F-11D3-BF4B-00C04F79EFBC}") = "Lenh_if_else_if_else", "Lenh_if_else_if_else\Lenh_if_else_if_else.csproj", "{A83FD2BA-A7CE-407A-A1F7-4F661A575DD9}"
EndProject
Project("{FAE04EC0-301F-11D3-BF4B-00C04F79EFBC}") = "Long_if", "Long_if\Long_if.csproj", "{DA655D46-E6B5-439E-AC26-FA58102A2C3D}"
EndProject
Project("{FAE04EC0-301F-11D3-BF4B-00C04F79EFBC}") = "Lenh_switch_case", "Lenh_switch_case\Lenh_switch_case.csproj", "{04831F7C-5A09-4E79-A46E-C7453854295F}"
EndProject
Project("{FAE04EC0-301F-11D3-BF4B-00C04F79EFBC}") = "Long_cac_lenh_switch", "Long_cac_lenh_switch\Long_cac_lenh_switch.csproj", "{20F79F6F-7F38-4B21-8246-B54BFA83A8DB}"
EndProject
Project("{FAE04EC0-301F-11D3-BF4B-00C04F79EFBC}") = "VongLap_while", "VongLapWhile\VongLap_while.csproj", "{DE3A3D00-E14F-47D2-BE12-1C9BB3E0D7DE}"
EndProject
Project("{FAE04EC0-301F-11D3-BF4B-00C04F79EFBC}") = "VongLap_for", "VongLap_for\VongLap_for.csproj", "{5E1092E9-F55A-49CA-BC25-3452EEB8B6B1}"
EndProject
Project("{FAE04EC0-301F-11D3-BF4B-00C04F79EFBC}") = "Vong_lap_do_while", "Vong_lap_do_while\Vong_lap_do_while.csproj", "{A98C5378-A4FA-4B3C-AE65-51DB55D533B6}"
EndProject
Project("{FAE04EC0-301F-11D3-BF4B-00C04F79EFBC}") = "Long_cac_vong_lap", "Long_cac_vong_lap\Long_cac_vong_lap.csproj", "{9BA546FB-5B52-4F51-8CFA-F89FA450BD1F}"
EndProject
Project("{FAE04EC0-301F-11D3-BF4B-00C04F79EFBC}") = "PhuongThuc", "PhuongThuc\PhuongThuc.csproj", "{E226227D-2CC6-41CF-95B2-D9D0FD8330B6}"
EndProject
Project("{FAE04EC0-301F-11D3-BF4B-00C04F79EFBC}") = "PhuongThuc_TruyenThamSoBangGiaTri", "PhuongThuc_TruyenThamSoBangGiaTri\PhuongThuc_TruyenThamSoBangGiaTri.csproj", "{480A105E-DDFE-4EE3-ACBB-1B6F5362B9B5}"
EndProject
Project("{FAE04EC0-301F-11D3-BF4B-00C04F79EFBC}") = "PhuongThuc_TruyenThamSoBangThamBien", "PhuongThuc_TruyenThamSoBangThamBien\PhuongThuc_TruyenThamSoBangThamBien.csproj", "{839FA97C-8BEC-4746-823F-1B78249BE782}"
EndProject
Project("{FAE04EC0-301F-11D3-BF4B-00C04F79EFBC}") = "PhuongThuc_TruyenThamSoBoiOutput", "PhuongThuc_TruyenThamSoBoiOutput\PhuongThuc_TruyenThamSoBoiOutput.csproj", "{C46C70A6-A2FE-4A45-8D98-ECC5542A1E0D}"
EndProject
Project("{FAE04EC0-301F-11D3-BF4B-00C04F79EFBC}") = "Nullable", "Nullable\Nullable.csproj", "{6F1C3D31-139A-4261-A16A-137D52154262}"
EndProject
Project("{FAE04EC0-301F-11D3-BF4B-00C04F79EFBC}") = "Mang", "Mang\Mang.csproj", "{37913FB5-D7D6-4197-AF96-2CFD7E7E388B}"
EndProject
Project("{FAE04EC0-301F-11D3-BF4B-00C04F79EFBC}") = "Mang_DaChieu", "Mang_DaChieu\Mang_DaChieu.csproj", "{7F8D4D89-76E6-496A-8414-C5658D51B195}"
EndProject
Project("{FAE04EC0-301F-11D3-BF4B-00C04F79EFBC}") = "Mang_CacThamSoHam", "Mang_CacThamSoHam\Mang_CacThamSoHam.csproj", "{B3B56EF3-5379-4574-B00B-F17925CB3A81}"
EndProject
Project("{FAE04EC0-301F-11D3-BF4B-00C04F79EFBC}") = "Mang_LopCoBan", "Mang_LopCoBan\Mang_LopCoBan.csproj", "{12C138FE-E3A4-4B04-867A-CEA563B8CD2A}"
EndProject
Project("{FAE04EC0-301F-11D3-BF4B-00C04F79EFBC}") = "Chuoi", "Chuoi\Chuoi.csproj", "{97754416-2D65-430E-AB8E-ED97B1E2BA06}"
EndProject
Project("{FAE04EC0-301F-11D3-BF4B-00C04F79EFBC}") = "structure", "structure\structure.csproj", "{7F06ABF9-2EBF-4996-A9AC-4A583D4CDA30}"
EndProject
Project("{FAE04EC0-301F-11D3-BF4B-00C04F79EFBC}") = "Enum", "enum\Enum.csproj", "{191FF026-580D-4C5E-9273-655163A6DC45}"
EndProject
Project("{FAE04EC0-301F-11D3-BF4B-00C04F79EFBC}") = "Class", "Class\Class.csproj", "{DE07F735-CDAD-4503-9291-0CE45D044FA7}"
EndProject
Project("{FAE04EC0-301F-11D3-BF4B-00C04F79EFBC}") = "Tinh_Dong_Goi", "Tinh_Dong_Goi\Tinh_Dong_Goi.csproj", "{571CD1B9-842A-4DC7-A514-91326B907598}"
EndProject
Project("{FAE04EC0-301F-11D3-BF4B-00C04F79EFBC}") = "Tinh_Ke_Thua", "Tinh_Ke_Thua\Tinh_Ke_Thua.csproj", "{973A2B94-6DE5-431C-9B8A-E0486F4F5D2E}"
EndProject
Project("{FAE04EC0-301F-11D3-BF4B-00C04F79EFBC}") = "Tinh_Da_Hinh", "Tinh_Da_Hinh\Tinh_Da_Hinh.csproj", "{6F75BCF0-62B3-4A8D-99F2-B8CF00DE479B}"
EndProject
Project("{FAE04EC0-301F-11D3-BF4B-00C04F79EFBC}") = "Nap_Chong_Toan_Tu", "Nap_Chong_Toan_Tu\Nap_Chong_Toan_Tu.csproj", "{0F628D0A-72A8-474E-936F-D5210744451F}"
EndProject
Project("{FAE04EC0-301F-11D3-BF4B-00C04F79EFBC}") = "Interface", "Interface\Interface.csproj", "{B4FFB90A-5142-4A2D-8DCA-4A73F27B4567}"
EndProject
Project("{FAE04EC0-301F-11D3-BF4B-00C04F79EFBC}") = "Namespace", "Namespace\Namespace.csproj", "{BD4E1EC1-03E4-4688-8283-DB8809564A90}"
EndProject
Project("{FAE04EC0-301F-11D3-BF4B-00C04F79EFBC}") = "Chi_Thi_Tien_Xu_Ly", "Chi_Thi_Tien_Xu_Ly\Chi_Thi_Tien_Xu_Ly.csproj", "{538DF2FA-19F4-487D-96BD-2275E6F477F8}"
EndProject
Project("{FAE04EC0-301F-11D3-BF4B-00C04F79EFBC}") = "Regular_Expression", "Regular_Expression\Regular_Expression.csproj", "{29B6F197-9C03-4EBF-A6FA-01BDA45BC56A}"
EndProject
Project("{FAE04EC0-301F-11D3-BF4B-00C04F79EFBC}") = "Xu_Ly_Ngoai_Le", "Xu_Ly_Ngoai_Le\Xu_Ly_Ngoai_Le.csproj", "{BE21BC76-6BF4-4D50-A32D-7178822078FE}"
EndProject
Project("{FAE04EC0-301F-11D3-BF4B-00C04F79EFBC}") = "Constructor", "Constructor\Constructor.csproj", "{F5E0DA0B-0769-4F8C-8117-F90316381AE4}"
EndProject
Project("{FAE04EC0-301F-11D3-BF4B-00C04F79EFBC}") = "Destructor", "Destructor\Destructor.csproj", "{E7CCDBAA-79B2-46EC-96D5-4EBEB364EECD}"
EndProject
Project("{FAE04EC0-301F-11D3-BF4B-00C04F79EFBC}") = "ThanhVienStatic", "ThanhVienStatic\ThanhVienStatic.csproj", "{1361F02F-20C9-47BC-B821-090F67639A67}"
EndProject
Project("{9A19103F-16F7-4668-BE54-9A1E7A4F7556}") = "Indexers", "Indexers\Indexers.csproj", "{E043490B-0E21-49F4-ABF1-6447E589CE52}"
EndProject
Project("{FAE04EC0-301F-11D3-BF4B-00C04F79EFBC}") = "Generics", "Generics\Generics.csproj", "{5411C02C-6090-4373-B272-1E74E29E4847}"
EndProject
Project("{FAE04EC0-301F-11D3-BF4B-00C04F79EFBC}") = "Delegates", "Delegates\Delegates.csproj", "{32384678-4283-4C11-805C-DFA9DE3058C5}"
EndProject
Project("{FAE04EC0-301F-11D3-BF4B-00C04F79EFBC}") = "PartialClass", "PartialClass\PartialClass.csproj", "{9AB94E6E-A685-45FE-A86C-35835ADA0A98}"
EndProject
Project("{FAE04EC0-301F-11D3-BF4B-00C04F79EFBC}") = "Static", "Static\Static.csproj", "{636348EF-878D-4889-8AB2-56DC2A52AB96}"
EndProject
Project("{FAE04EC0-301F-11D3-BF4B-00C04F79EFBC}") = "Operators", "Operators\Operators.csproj", "{B8439FD9-993B-4E44-8D67-126328D694DA}"
EndProject
Global
	GlobalSection(SolutionConfigurationPlatforms) = preSolution
		Debug|Any CPU = Debug|Any CPU
		Release|Any CPU = Release|Any CPU
	EndGlobalSection
	GlobalSection(ProjectConfigurationPlatforms) = postSolution
		{B456196C-4CD0-410C-8B23-33A49D78F99B}.Debug|Any CPU.ActiveCfg = Debug|Any CPU
		{B456196C-4CD0-410C-8B23-33A49D78F99B}.Debug|Any CPU.Build.0 = Debug|Any CPU
		{B456196C-4CD0-410C-8B23-33A49D78F99B}.Release|Any CPU.ActiveCfg = Release|Any CPU
		{B456196C-4CD0-410C-8B23-33A49D78F99B}.Release|Any CPU.Build.0 = Release|Any CPU
		{4D16D032-A0D4-49E9-AD96-1CE546B1AE60}.Debug|Any CPU.ActiveCfg = Debug|Any CPU
		{4D16D032-A0D4-49E9-AD96-1CE546B1AE60}.Debug|Any CPU.Build.0 = Debug|Any CPU
		{4D16D032-A0D4-49E9-AD96-1CE546B1AE60}.Release|Any CPU.ActiveCfg = Release|Any CPU
		{4D16D032-A0D4-49E9-AD96-1CE546B1AE60}.Release|Any CPU.Build.0 = Release|Any CPU
		{90EE0C0D-D400-4DC5-86C9-5F2055AC3B49}.Debug|Any CPU.ActiveCfg = Debug|Any CPU
		{90EE0C0D-D400-4DC5-86C9-5F2055AC3B49}.Debug|Any CPU.Build.0 = Debug|Any CPU
		{90EE0C0D-D400-4DC5-86C9-5F2055AC3B49}.Release|Any CPU.ActiveCfg = Release|Any CPU
		{90EE0C0D-D400-4DC5-86C9-5F2055AC3B49}.Release|Any CPU.Build.0 = Release|Any CPU
		{C1C33DB3-1488-4BA6-A9B6-B8DD3352FE93}.Debug|Any CPU.ActiveCfg = Debug|Any CPU
		{C1C33DB3-1488-4BA6-A9B6-B8DD3352FE93}.Debug|Any CPU.Build.0 = Debug|Any CPU
		{C1C33DB3-1488-4BA6-A9B6-B8DD3352FE93}.Release|Any CPU.ActiveCfg = Release|Any CPU
		{C1C33DB3-1488-4BA6-A9B6-B8DD3352FE93}.Release|Any CPU.Build.0 = Release|Any CPU
		{991306C5-522E-4977-A8E6-8C39C09C21AA}.Debug|Any CPU.ActiveCfg = Debug|Any CPU
		{991306C5-522E-4977-A8E6-8C39C09C21AA}.Debug|Any CPU.Build.0 = Debug|Any CPU
		{991306C5-522E-4977-A8E6-8C39C09C21AA}.Release|Any CPU.ActiveCfg = Release|Any CPU
		{991306C5-522E-4977-A8E6-8C39C09C21AA}.Release|Any CPU.Build.0 = Release|Any CPU
		{9E13C71C-0DDE-483D-A006-405C50E5B805}.Debug|Any CPU.ActiveCfg = Debug|Any CPU
		{9E13C71C-0DDE-483D-A006-405C50E5B805}.Debug|Any CPU.Build.0 = Debug|Any CPU
		{9E13C71C-0DDE-483D-A006-405C50E5B805}.Release|Any CPU.ActiveCfg = Release|Any CPU
		{9E13C71C-0DDE-483D-A006-405C50E5B805}.Release|Any CPU.Build.0 = Release|Any CPU
		{F1E6A38C-13E9-4B10-A001-F447C5B46129}.Debug|Any CPU.ActiveCfg = Debug|Any CPU
		{F1E6A38C-13E9-4B10-A001-F447C5B46129}.Debug|Any CPU.Build.0 = Debug|Any CPU
		{F1E6A38C-13E9-4B10-A001-F447C5B46129}.Release|Any CPU.ActiveCfg = Release|Any CPU
		{F1E6A38C-13E9-4B10-A001-F447C5B46129}.Release|Any CPU.Build.0 = Release|Any CPU
		{E2527510-FA68-4C20-B3E2-03F09EDD11BD}.Debug|Any CPU.ActiveCfg = Debug|Any CPU
		{E2527510-FA68-4C20-B3E2-03F09EDD11BD}.Debug|Any CPU.Build.0 = Debug|Any CPU
		{E2527510-FA68-4C20-B3E2-03F09EDD11BD}.Release|Any CPU.ActiveCfg = Release|Any CPU
		{E2527510-FA68-4C20-B3E2-03F09EDD11BD}.Release|Any CPU.Build.0 = Release|Any CPU
		{3FB44473-AC64-4C61-86F2-88A521C81C66}.Debug|Any CPU.ActiveCfg = Debug|Any CPU
		{3FB44473-AC64-4C61-86F2-88A521C81C66}.Debug|Any CPU.Build.0 = Debug|Any CPU
		{3FB44473-AC64-4C61-86F2-88A521C81C66}.Release|Any CPU.ActiveCfg = Release|Any CPU
		{3FB44473-AC64-4C61-86F2-88A521C81C66}.Release|Any CPU.Build.0 = Release|Any CPU
		{A83FD2BA-A7CE-407A-A1F7-4F661A575DD9}.Debug|Any CPU.ActiveCfg = Debug|Any CPU
		{A83FD2BA-A7CE-407A-A1F7-4F661A575DD9}.Debug|Any CPU.Build.0 = Debug|Any CPU
		{A83FD2BA-A7CE-407A-A1F7-4F661A575DD9}.Release|Any CPU.ActiveCfg = Release|Any CPU
		{A83FD2BA-A7CE-407A-A1F7-4F661A575DD9}.Release|Any CPU.Build.0 = Release|Any CPU
		{DA655D46-E6B5-439E-AC26-FA58102A2C3D}.Debug|Any CPU.ActiveCfg = Debug|Any CPU
		{DA655D46-E6B5-439E-AC26-FA58102A2C3D}.Debug|Any CPU.Build.0 = Debug|Any CPU
		{DA655D46-E6B5-439E-AC26-FA58102A2C3D}.Release|Any CPU.ActiveCfg = Release|Any CPU
		{DA655D46-E6B5-439E-AC26-FA58102A2C3D}.Release|Any CPU.Build.0 = Release|Any CPU
		{04831F7C-5A09-4E79-A46E-C7453854295F}.Debug|Any CPU.ActiveCfg = Debug|Any CPU
		{04831F7C-5A09-4E79-A46E-C7453854295F}.Debug|Any CPU.Build.0 = Debug|Any CPU
		{04831F7C-5A09-4E79-A46E-C7453854295F}.Release|Any CPU.ActiveCfg = Release|Any CPU
		{04831F7C-5A09-4E79-A46E-C7453854295F}.Release|Any CPU.Build.0 = Release|Any CPU
		{20F79F6F-7F38-4B21-8246-B54BFA83A8DB}.Debug|Any CPU.ActiveCfg = Debug|Any CPU
		{20F79F6F-7F38-4B21-8246-B54BFA83A8DB}.Debug|Any CPU.Build.0 = Debug|Any CPU
		{20F79F6F-7F38-4B21-8246-B54BFA83A8DB}.Release|Any CPU.ActiveCfg = Release|Any CPU
		{20F79F6F-7F38-4B21-8246-B54BFA83A8DB}.Release|Any CPU.Build.0 = Release|Any CPU
		{DE3A3D00-E14F-47D2-BE12-1C9BB3E0D7DE}.Debug|Any CPU.ActiveCfg = Debug|Any CPU
		{DE3A3D00-E14F-47D2-BE12-1C9BB3E0D7DE}.Debug|Any CPU.Build.0 = Debug|Any CPU
		{DE3A3D00-E14F-47D2-BE12-1C9BB3E0D7DE}.Release|Any CPU.ActiveCfg = Release|Any CPU
		{DE3A3D00-E14F-47D2-BE12-1C9BB3E0D7DE}.Release|Any CPU.Build.0 = Release|Any CPU
		{5E1092E9-F55A-49CA-BC25-3452EEB8B6B1}.Debug|Any CPU.ActiveCfg = Debug|Any CPU
		{5E1092E9-F55A-49CA-BC25-3452EEB8B6B1}.Debug|Any CPU.Build.0 = Debug|Any CPU
		{5E1092E9-F55A-49CA-BC25-3452EEB8B6B1}.Release|Any CPU.ActiveCfg = Release|Any CPU
		{5E1092E9-F55A-49CA-BC25-3452EEB8B6B1}.Release|Any CPU.Build.0 = Release|Any CPU
		{A98C5378-A4FA-4B3C-AE65-51DB55D533B6}.Debug|Any CPU.ActiveCfg = Debug|Any CPU
		{A98C5378-A4FA-4B3C-AE65-51DB55D533B6}.Debug|Any CPU.Build.0 = Debug|Any CPU
		{A98C5378-A4FA-4B3C-AE65-51DB55D533B6}.Release|Any CPU.ActiveCfg = Release|Any CPU
		{A98C5378-A4FA-4B3C-AE65-51DB55D533B6}.Release|Any CPU.Build.0 = Release|Any CPU
		{9BA546FB-5B52-4F51-8CFA-F89FA450BD1F}.Debug|Any CPU.ActiveCfg = Debug|Any CPU
		{9BA546FB-5B52-4F51-8CFA-F89FA450BD1F}.Debug|Any CPU.Build.0 = Debug|Any CPU
		{9BA546FB-5B52-4F51-8CFA-F89FA450BD1F}.Release|Any CPU.ActiveCfg = Release|Any CPU
		{9BA546FB-5B52-4F51-8CFA-F89FA450BD1F}.Release|Any CPU.Build.0 = Release|Any CPU
		{E226227D-2CC6-41CF-95B2-D9D0FD8330B6}.Debug|Any CPU.ActiveCfg = Debug|Any CPU
		{E226227D-2CC6-41CF-95B2-D9D0FD8330B6}.Debug|Any CPU.Build.0 = Debug|Any CPU
		{E226227D-2CC6-41CF-95B2-D9D0FD8330B6}.Release|Any CPU.ActiveCfg = Release|Any CPU
		{E226227D-2CC6-41CF-95B2-D9D0FD8330B6}.Release|Any CPU.Build.0 = Release|Any CPU
		{480A105E-DDFE-4EE3-ACBB-1B6F5362B9B5}.Debug|Any CPU.ActiveCfg = Debug|Any CPU
		{480A105E-DDFE-4EE3-ACBB-1B6F5362B9B5}.Debug|Any CPU.Build.0 = Debug|Any CPU
		{480A105E-DDFE-4EE3-ACBB-1B6F5362B9B5}.Release|Any CPU.ActiveCfg = Release|Any CPU
		{480A105E-DDFE-4EE3-ACBB-1B6F5362B9B5}.Release|Any CPU.Build.0 = Release|Any CPU
		{839FA97C-8BEC-4746-823F-1B78249BE782}.Debug|Any CPU.ActiveCfg = Debug|Any CPU
		{839FA97C-8BEC-4746-823F-1B78249BE782}.Debug|Any CPU.Build.0 = Debug|Any CPU
		{839FA97C-8BEC-4746-823F-1B78249BE782}.Release|Any CPU.ActiveCfg = Release|Any CPU
		{839FA97C-8BEC-4746-823F-1B78249BE782}.Release|Any CPU.Build.0 = Release|Any CPU
		{C46C70A6-A2FE-4A45-8D98-ECC5542A1E0D}.Debug|Any CPU.ActiveCfg = Debug|Any CPU
		{C46C70A6-A2FE-4A45-8D98-ECC5542A1E0D}.Debug|Any CPU.Build.0 = Debug|Any CPU
		{C46C70A6-A2FE-4A45-8D98-ECC5542A1E0D}.Release|Any CPU.ActiveCfg = Release|Any CPU
		{C46C70A6-A2FE-4A45-8D98-ECC5542A1E0D}.Release|Any CPU.Build.0 = Release|Any CPU
		{6F1C3D31-139A-4261-A16A-137D52154262}.Debug|Any CPU.ActiveCfg = Debug|Any CPU
		{6F1C3D31-139A-4261-A16A-137D52154262}.Debug|Any CPU.Build.0 = Debug|Any CPU
		{6F1C3D31-139A-4261-A16A-137D52154262}.Release|Any CPU.ActiveCfg = Release|Any CPU
		{6F1C3D31-139A-4261-A16A-137D52154262}.Release|Any CPU.Build.0 = Release|Any CPU
		{37913FB5-D7D6-4197-AF96-2CFD7E7E388B}.Debug|Any CPU.ActiveCfg = Debug|Any CPU
		{37913FB5-D7D6-4197-AF96-2CFD7E7E388B}.Debug|Any CPU.Build.0 = Debug|Any CPU
		{37913FB5-D7D6-4197-AF96-2CFD7E7E388B}.Release|Any CPU.ActiveCfg = Release|Any CPU
		{37913FB5-D7D6-4197-AF96-2CFD7E7E388B}.Release|Any CPU.Build.0 = Release|Any CPU
		{7F8D4D89-76E6-496A-8414-C5658D51B195}.Debug|Any CPU.ActiveCfg = Debug|Any CPU
		{7F8D4D89-76E6-496A-8414-C5658D51B195}.Debug|Any CPU.Build.0 = Debug|Any CPU
		{7F8D4D89-76E6-496A-8414-C5658D51B195}.Release|Any CPU.ActiveCfg = Release|Any CPU
		{7F8D4D89-76E6-496A-8414-C5658D51B195}.Release|Any CPU.Build.0 = Release|Any CPU
		{B3B56EF3-5379-4574-B00B-F17925CB3A81}.Debug|Any CPU.ActiveCfg = Debug|Any CPU
		{B3B56EF3-5379-4574-B00B-F17925CB3A81}.Debug|Any CPU.Build.0 = Debug|Any CPU
		{B3B56EF3-5379-4574-B00B-F17925CB3A81}.Release|Any CPU.ActiveCfg = Release|Any CPU
		{B3B56EF3-5379-4574-B00B-F17925CB3A81}.Release|Any CPU.Build.0 = Release|Any CPU
		{12C138FE-E3A4-4B04-867A-CEA563B8CD2A}.Debug|Any CPU.ActiveCfg = Debug|Any CPU
		{12C138FE-E3A4-4B04-867A-CEA563B8CD2A}.Debug|Any CPU.Build.0 = Debug|Any CPU
		{12C138FE-E3A4-4B04-867A-CEA563B8CD2A}.Release|Any CPU.ActiveCfg = Release|Any CPU
		{12C138FE-E3A4-4B04-867A-CEA563B8CD2A}.Release|Any CPU.Build.0 = Release|Any CPU
		{97754416-2D65-430E-AB8E-ED97B1E2BA06}.Debug|Any CPU.ActiveCfg = Debug|Any CPU
		{97754416-2D65-430E-AB8E-ED97B1E2BA06}.Debug|Any CPU.Build.0 = Debug|Any CPU
		{97754416-2D65-430E-AB8E-ED97B1E2BA06}.Release|Any CPU.ActiveCfg = Release|Any CPU
		{97754416-2D65-430E-AB8E-ED97B1E2BA06}.Release|Any CPU.Build.0 = Release|Any CPU
		{7F06ABF9-2EBF-4996-A9AC-4A583D4CDA30}.Debug|Any CPU.ActiveCfg = Debug|Any CPU
		{7F06ABF9-2EBF-4996-A9AC-4A583D4CDA30}.Debug|Any CPU.Build.0 = Debug|Any CPU
		{7F06ABF9-2EBF-4996-A9AC-4A583D4CDA30}.Release|Any CPU.ActiveCfg = Release|Any CPU
		{7F06ABF9-2EBF-4996-A9AC-4A583D4CDA30}.Release|Any CPU.Build.0 = Release|Any CPU
		{191FF026-580D-4C5E-9273-655163A6DC45}.Debug|Any CPU.ActiveCfg = Debug|Any CPU
		{191FF026-580D-4C5E-9273-655163A6DC45}.Debug|Any CPU.Build.0 = Debug|Any CPU
		{191FF026-580D-4C5E-9273-655163A6DC45}.Release|Any CPU.ActiveCfg = Release|Any CPU
		{191FF026-580D-4C5E-9273-655163A6DC45}.Release|Any CPU.Build.0 = Release|Any CPU
		{DE07F735-CDAD-4503-9291-0CE45D044FA7}.Debug|Any CPU.ActiveCfg = Debug|Any CPU
		{DE07F735-CDAD-4503-9291-0CE45D044FA7}.Debug|Any CPU.Build.0 = Debug|Any CPU
		{DE07F735-CDAD-4503-9291-0CE45D044FA7}.Release|Any CPU.ActiveCfg = Release|Any CPU
		{DE07F735-CDAD-4503-9291-0CE45D044FA7}.Release|Any CPU.Build.0 = Release|Any CPU
		{571CD1B9-842A-4DC7-A514-91326B907598}.Debug|Any CPU.ActiveCfg = Debug|Any CPU
		{571CD1B9-842A-4DC7-A514-91326B907598}.Debug|Any CPU.Build.0 = Debug|Any CPU
		{571CD1B9-842A-4DC7-A514-91326B907598}.Release|Any CPU.ActiveCfg = Release|Any CPU
		{571CD1B9-842A-4DC7-A514-91326B907598}.Release|Any CPU.Build.0 = Release|Any CPU
		{973A2B94-6DE5-431C-9B8A-E0486F4F5D2E}.Debug|Any CPU.ActiveCfg = Debug|Any CPU
		{973A2B94-6DE5-431C-9B8A-E0486F4F5D2E}.Debug|Any CPU.Build.0 = Debug|Any CPU
		{973A2B94-6DE5-431C-9B8A-E0486F4F5D2E}.Release|Any CPU.ActiveCfg = Release|Any CPU
		{973A2B94-6DE5-431C-9B8A-E0486F4F5D2E}.Release|Any CPU.Build.0 = Release|Any CPU
		{6F75BCF0-62B3-4A8D-99F2-B8CF00DE479B}.Debug|Any CPU.ActiveCfg = Debug|Any CPU
		{6F75BCF0-62B3-4A8D-99F2-B8CF00DE479B}.Debug|Any CPU.Build.0 = Debug|Any CPU
		{6F75BCF0-62B3-4A8D-99F2-B8CF00DE479B}.Release|Any CPU.ActiveCfg = Release|Any CPU
		{6F75BCF0-62B3-4A8D-99F2-B8CF00DE479B}.Release|Any CPU.Build.0 = Release|Any CPU
		{0F628D0A-72A8-474E-936F-D5210744451F}.Debug|Any CPU.ActiveCfg = Debug|Any CPU
		{0F628D0A-72A8-474E-936F-D5210744451F}.Debug|Any CPU.Build.0 = Debug|Any CPU
		{0F628D0A-72A8-474E-936F-D5210744451F}.Release|Any CPU.ActiveCfg = Release|Any CPU
		{0F628D0A-72A8-474E-936F-D5210744451F}.Release|Any CPU.Build.0 = Release|Any CPU
		{B4FFB90A-5142-4A2D-8DCA-4A73F27B4567}.Debug|Any CPU.ActiveCfg = Debug|Any CPU
		{B4FFB90A-5142-4A2D-8DCA-4A73F27B4567}.Debug|Any CPU.Build.0 = Debug|Any CPU
		{B4FFB90A-5142-4A2D-8DCA-4A73F27B4567}.Release|Any CPU.ActiveCfg = Release|Any CPU
		{B4FFB90A-5142-4A2D-8DCA-4A73F27B4567}.Release|Any CPU.Build.0 = Release|Any CPU
		{BD4E1EC1-03E4-4688-8283-DB8809564A90}.Debug|Any CPU.ActiveCfg = Debug|Any CPU
		{BD4E1EC1-03E4-4688-8283-DB8809564A90}.Debug|Any CPU.Build.0 = Debug|Any CPU
		{BD4E1EC1-03E4-4688-8283-DB8809564A90}.Release|Any CPU.ActiveCfg = Release|Any CPU
		{BD4E1EC1-03E4-4688-8283-DB8809564A90}.Release|Any CPU.Build.0 = Release|Any CPU
		{538DF2FA-19F4-487D-96BD-2275E6F477F8}.Debug|Any CPU.ActiveCfg = Debug|Any CPU
		{538DF2FA-19F4-487D-96BD-2275E6F477F8}.Debug|Any CPU.Build.0 = Debug|Any CPU
		{538DF2FA-19F4-487D-96BD-2275E6F477F8}.Release|Any CPU.ActiveCfg = Release|Any CPU
		{538DF2FA-19F4-487D-96BD-2275E6F477F8}.Release|Any CPU.Build.0 = Release|Any CPU
		{29B6F197-9C03-4EBF-A6FA-01BDA45BC56A}.Debug|Any CPU.ActiveCfg = Debug|Any CPU
		{29B6F197-9C03-4EBF-A6FA-01BDA45BC56A}.Debug|Any CPU.Build.0 = Debug|Any CPU
		{29B6F197-9C03-4EBF-A6FA-01BDA45BC56A}.Release|Any CPU.ActiveCfg = Release|Any CPU
		{29B6F197-9C03-4EBF-A6FA-01BDA45BC56A}.Release|Any CPU.Build.0 = Release|Any CPU
		{BE21BC76-6BF4-4D50-A32D-7178822078FE}.Debug|Any CPU.ActiveCfg = Debug|Any CPU
		{BE21BC76-6BF4-4D50-A32D-7178822078FE}.Debug|Any CPU.Build.0 = Debug|Any CPU
		{BE21BC76-6BF4-4D50-A32D-7178822078FE}.Release|Any CPU.ActiveCfg = Release|Any CPU
		{BE21BC76-6BF4-4D50-A32D-7178822078FE}.Release|Any CPU.Build.0 = Release|Any CPU
		{F5E0DA0B-0769-4F8C-8117-F90316381AE4}.Debug|Any CPU.ActiveCfg = Debug|Any CPU
		{F5E0DA0B-0769-4F8C-8117-F90316381AE4}.Debug|Any CPU.Build.0 = Debug|Any CPU
		{F5E0DA0B-0769-4F8C-8117-F90316381AE4}.Release|Any CPU.ActiveCfg = Release|Any CPU
		{F5E0DA0B-0769-4F8C-8117-F90316381AE4}.Release|Any CPU.Build.0 = Release|Any CPU
		{E7CCDBAA-79B2-46EC-96D5-4EBEB364EECD}.Debug|Any CPU.ActiveCfg = Debug|Any CPU
		{E7CCDBAA-79B2-46EC-96D5-4EBEB364EECD}.Debug|Any CPU.Build.0 = Debug|Any CPU
		{E7CCDBAA-79B2-46EC-96D5-4EBEB364EECD}.Release|Any CPU.ActiveCfg = Release|Any CPU
		{E7CCDBAA-79B2-46EC-96D5-4EBEB364EECD}.Release|Any CPU.Build.0 = Release|Any CPU
		{1361F02F-20C9-47BC-B821-090F67639A67}.Debug|Any CPU.ActiveCfg = Debug|Any CPU
		{1361F02F-20C9-47BC-B821-090F67639A67}.Debug|Any CPU.Build.0 = Debug|Any CPU
		{1361F02F-20C9-47BC-B821-090F67639A67}.Release|Any CPU.ActiveCfg = Release|Any CPU
		{1361F02F-20C9-47BC-B821-090F67639A67}.Release|Any CPU.Build.0 = Release|Any CPU
		{E043490B-0E21-49F4-ABF1-6447E589CE52}.Debug|Any CPU.ActiveCfg = Debug|Any CPU
		{E043490B-0E21-49F4-ABF1-6447E589CE52}.Debug|Any CPU.Build.0 = Debug|Any CPU
		{E043490B-0E21-49F4-ABF1-6447E589CE52}.Release|Any CPU.ActiveCfg = Release|Any CPU
		{E043490B-0E21-49F4-ABF1-6447E589CE52}.Release|Any CPU.Build.0 = Release|Any CPU
		{5411C02C-6090-4373-B272-1E74E29E4847}.Debug|Any CPU.ActiveCfg = Debug|Any CPU
		{5411C02C-6090-4373-B272-1E74E29E4847}.Debug|Any CPU.Build.0 = Debug|Any CPU
		{5411C02C-6090-4373-B272-1E74E29E4847}.Release|Any CPU.ActiveCfg = Release|Any CPU
		{5411C02C-6090-4373-B272-1E74E29E4847}.Release|Any CPU.Build.0 = Release|Any CPU
		{32384678-4283-4C11-805C-DFA9DE3058C5}.Debug|Any CPU.ActiveCfg = Debug|Any CPU
		{32384678-4283-4C11-805C-DFA9DE3058C5}.Debug|Any CPU.Build.0 = Debug|Any CPU
		{32384678-4283-4C11-805C-DFA9DE3058C5}.Release|Any CPU.ActiveCfg = Release|Any CPU
		{32384678-4283-4C11-805C-DFA9DE3058C5}.Release|Any CPU.Build.0 = Release|Any CPU
		{9AB94E6E-A685-45FE-A86C-35835ADA0A98}.Debug|Any CPU.ActiveCfg = Debug|Any CPU
		{9AB94E6E-A685-45FE-A86C-35835ADA0A98}.Debug|Any CPU.Build.0 = Debug|Any CPU
		{9AB94E6E-A685-45FE-A86C-35835ADA0A98}.Release|Any CPU.ActiveCfg = Release|Any CPU
		{9AB94E6E-A685-45FE-A86C-35835ADA0A98}.Release|Any CPU.Build.0 = Release|Any CPU
		{636348EF-878D-4889-8AB2-56DC2A52AB96}.Debug|Any CPU.ActiveCfg = Debug|Any CPU
		{636348EF-878D-4889-8AB2-56DC2A52AB96}.Debug|Any CPU.Build.0 = Debug|Any CPU
		{636348EF-878D-4889-8AB2-56DC2A52AB96}.Release|Any CPU.ActiveCfg = Release|Any CPU
		{636348EF-878D-4889-8AB2-56DC2A52AB96}.Release|Any CPU.Build.0 = Release|Any CPU
		{B8439FD9-993B-4E44-8D67-126328D694DA}.Debug|Any CPU.ActiveCfg = Debug|Any CPU
		{B8439FD9-993B-4E44-8D67-126328D694DA}.Debug|Any CPU.Build.0 = Debug|Any CPU
		{B8439FD9-993B-4E44-8D67-126328D694DA}.Release|Any CPU.ActiveCfg = Release|Any CPU
		{B8439FD9-993B-4E44-8D67-126328D694DA}.Release|Any CPU.Build.0 = Release|Any CPU
	EndGlobalSection
	GlobalSection(SolutionProperties) = preSolution
		HideSolutionNode = FALSE
	EndGlobalSection
	GlobalSection(ExtensibilityGlobals) = postSolution
		SolutionGuid = {06EAA92D-6F5C-49E1-8063-6BBB11943241}
	EndGlobalSection
EndGlobal
